// !$*UTF8*$!
{
	archiveVersion = 1;
	classes = {
	};
	objectVersion = 50;
	objects = {

/* Begin PBXBuildFile section */
		BC4E8B9F221E519100AE92DE /* AppDelegate.swift in Sources */ = {isa = PBXBuildFile; fileRef = BC4E8B9E221E519100AE92DE /* AppDelegate.swift */; };
		BC4E8BA1221E519100AE92DE /* ViewController.swift in Sources */ = {isa = PBXBuildFile; fileRef = BC4E8BA0221E519100AE92DE /* ViewController.swift */; };
		BC4E8BA4221E519100AE92DE /* Main.storyboard in Resources */ = {isa = PBXBuildFile; fileRef = BC4E8BA2221E519100AE92DE /* Main.storyboard */; };
		BC4E8BA6221E519300AE92DE /* Assets.xcassets in Resources */ = {isa = PBXBuildFile; fileRef = BC4E8BA5221E519300AE92DE /* Assets.xcassets */; };
		BC4E8BA9221E519300AE92DE /* LaunchScreen.storyboard in Resources */ = {isa = PBXBuildFile; fileRef = BC4E8BA7221E519300AE92DE /* LaunchScreen.storyboard */; };
		BC4E8BB4221E519300AE92DE /* LeetCodeTests.swift in Sources */ = {isa = PBXBuildFile; fileRef = BC4E8BB3221E519300AE92DE /* LeetCodeTests.swift */; };
		BC516C06226A8C17006E1745 /* LeetCode.swift in Sources */ = {isa = PBXBuildFile; fileRef = BC516C05226A8C17006E1745 /* LeetCode.swift */; };
		BCFBD69A2261D782006AF86B /* 排序.swift in Sources */ = {isa = PBXBuildFile; fileRef = BCFBD6992261D782006AF86B /* 排序.swift */; };
/* End PBXBuildFile section */

/* Begin PBXContainerItemProxy section */
		BC4E8BB0221E519300AE92DE /* PBXContainerItemProxy */ = {
			isa = PBXContainerItemProxy;
			containerPortal = BC4E8B93221E519100AE92DE /* Project object */;
			proxyType = 1;
			remoteGlobalIDString = BC4E8B9A221E519100AE92DE;
			remoteInfo = LeetCode;
		};
/* End PBXContainerItemProxy section */

/* Begin PBXFileReference section */
		BC4E8B9B221E519100AE92DE /* LeetCode.app */ = {isa = PBXFileReference; explicitFileType = wrapper.application; includeInIndex = 0; path = LeetCode.app; sourceTree = BUILT_PRODUCTS_DIR; };
		BC4E8B9E221E519100AE92DE /* AppDelegate.swift */ = {isa = PBXFileReference; lastKnownFileType = sourcecode.swift; path = AppDelegate.swift; sourceTree = "<group>"; };
		BC4E8BA0221E519100AE92DE /* ViewController.swift */ = {isa = PBXFileReference; lastKnownFileType = sourcecode.swift; path = ViewController.swift; sourceTree = "<group>"; };
		BC4E8BA3221E519100AE92DE /* Base */ = {isa = PBXFileReference; lastKnownFileType = file.storyboard; name = Base; path = Base.lproj/Main.storyboard; sourceTree = "<group>"; };
		BC4E8BA5221E519300AE92DE /* Assets.xcassets */ = {isa = PBXFileReference; lastKnownFileType = folder.assetcatalog; path = Assets.xcassets; sourceTree = "<group>"; };
		BC4E8BA8221E519300AE92DE /* Base */ = {isa = PBXFileReference; lastKnownFileType = file.storyboard; name = Base; path = Base.lproj/LaunchScreen.storyboard; sourceTree = "<group>"; };
		BC4E8BAA221E519300AE92DE /* Info.plist */ = {isa = PBXFileReference; lastKnownFileType = text.plist.xml; path = Info.plist; sourceTree = "<group>"; };
		BC4E8BAF221E519300AE92DE /* LeetCodeTests.xctest */ = {isa = PBXFileReference; explicitFileType = wrapper.cfbundle; includeInIndex = 0; path = LeetCodeTests.xctest; sourceTree = BUILT_PRODUCTS_DIR; };
		BC4E8BB3221E519300AE92DE /* LeetCodeTests.swift */ = {isa = PBXFileReference; lastKnownFileType = sourcecode.swift; path = LeetCodeTests.swift; sourceTree = "<group>"; };
		BC4E8BB5221E519300AE92DE /* Info.plist */ = {isa = PBXFileReference; lastKnownFileType = text.plist.xml; path = Info.plist; sourceTree = "<group>"; };
		BC516C05226A8C17006E1745 /* LeetCode.swift */ = {isa = PBXFileReference; lastKnownFileType = sourcecode.swift; path = LeetCode.swift; sourceTree = "<group>"; };
		BCFBD6992261D782006AF86B /* 排序.swift */ = {isa = PBXFileReference; lastKnownFileType = sourcecode.swift; path = "排序.swift"; sourceTree = "<group>"; };
/* End PBXFileReference section */

/* Begin PBXFrameworksBuildPhase section */
		BC4E8B98221E519100AE92DE /* Frameworks */ = {
			isa = PBXFrameworksBuildPhase;
			buildActionMask = 2147483647;
			files = (
			);
			runOnlyForDeploymentPostprocessing = 0;
		};
		BC4E8BAC221E519300AE92DE /* Frameworks */ = {
			isa = PBXFrameworksBuildPhase;
			buildActionMask = 2147483647;
			files = (
			);
			runOnlyForDeploymentPostprocessing = 0;
		};
/* End PBXFrameworksBuildPhase section */

/* Begin PBXGroup section */
		BC4E8B92221E519100AE92DE = {
			isa = PBXGroup;
			children = (
				BC4E8B9D221E519100AE92DE /* LeetCode */,
				BC4E8BB2221E519300AE92DE /* LeetCodeTests */,
				BC4E8B9C221E519100AE92DE /* Products */,
			);
			sourceTree = "<group>";
		};
		BC4E8B9C221E519100AE92DE /* Products */ = {
			isa = PBXGroup;
			children = (
				BC4E8B9B221E519100AE92DE /* LeetCode.app */,
				BC4E8BAF221E519300AE92DE /* LeetCodeTests.xctest */,
			);
			name = Products;
			sourceTree = "<group>";
		};
		BC4E8B9D221E519100AE92DE /* LeetCode */ = {
			isa = PBXGroup;
			children = (
				BC4E8B9E221E519100AE92DE /* AppDelegate.swift */,
				BC4E8BA0221E519100AE92DE /* ViewController.swift */,
				BCFBD6992261D782006AF86B /* 排序.swift */,
				BC516C05226A8C17006E1745 /* LeetCode.swift */,
				BC4E8BA2221E519100AE92DE /* Main.storyboard */,
				BC4E8BA5221E519300AE92DE /* Assets.xcassets */,
				BC4E8BA7221E519300AE92DE /* LaunchScreen.storyboard */,
				BC4E8BAA221E519300AE92DE /* Info.plist */,
			);
			path = LeetCode;
			sourceTree = "<group>";
		};
		BC4E8BB2221E519300AE92DE /* LeetCodeTests */ = {
			isa = PBXGroup;
			children = (
				BC4E8BB3221E519300AE92DE /* LeetCodeTests.swift */,
				BC4E8BB5221E519300AE92DE /* Info.plist */,
			);
			path = LeetCodeTests;
			sourceTree = "<group>";
		};
/* End PBXGroup section */

/* Begin PBXNativeTarget section */
		BC4E8B9A221E519100AE92DE /* LeetCode */ = {
			isa = PBXNativeTarget;
			buildConfigurationList = BC4E8BB8221E519300AE92DE /* Build configuration list for PBXNativeTarget "LeetCode" */;
			buildPhases = (
				BC4E8B97221E519100AE92DE /* Sources */,
				BC4E8B98221E519100AE92DE /* Frameworks */,
				BC4E8B99221E519100AE92DE /* Resources */,
			);
			buildRules = (
			);
			dependencies = (
			);
			name = LeetCode;
			productName = LeetCode;
			productReference = BC4E8B9B221E519100AE92DE /* LeetCode.app */;
			productType = "com.apple.product-type.application";
		};
		BC4E8BAE221E519300AE92DE /* LeetCodeTests */ = {
			isa = PBXNativeTarget;
			buildConfigurationList = BC4E8BBB221E519300AE92DE /* Build configuration list for PBXNativeTarget "LeetCodeTests" */;
			buildPhases = (
				BC4E8BAB221E519300AE92DE /* Sources */,
				BC4E8BAC221E519300AE92DE /* Frameworks */,
				BC4E8BAD221E519300AE92DE /* Resources */,
			);
			buildRules = (
			);
			dependencies = (
				BC4E8BB1221E519300AE92DE /* PBXTargetDependency */,
			);
			name = LeetCodeTests;
			productName = LeetCodeTests;
			productReference = BC4E8BAF221E519300AE92DE /* LeetCodeTests.xctest */;
			productType = "com.apple.product-type.bundle.unit-test";
		};
/* End PBXNativeTarget section */

/* Begin PBXProject section */
		BC4E8B93221E519100AE92DE /* Project object */ = {
			isa = PBXProject;
			attributes = {
				LastSwiftUpdateCheck = 1010;
				LastUpgradeCheck = 1010;
				ORGANIZATIONNAME = "董伍";
				TargetAttributes = {
					BC4E8B9A221E519100AE92DE = {
						CreatedOnToolsVersion = 10.1;
					};
					BC4E8BAE221E519300AE92DE = {
						CreatedOnToolsVersion = 10.1;
						TestTargetID = BC4E8B9A221E519100AE92DE;
					};
				};
			};
			buildConfigurationList = BC4E8B96221E519100AE92DE /* Build configuration list for PBXProject "LeetCode" */;
			compatibilityVersion = "Xcode 9.3";
			developmentRegion = en;
			hasScannedForEncodings = 0;
			knownRegions = (
				en,
				Base,
			);
			mainGroup = BC4E8B92221E519100AE92DE;
			productRefGroup = BC4E8B9C221E519100AE92DE /* Products */;
			projectDirPath = "";
			projectRoot = "";
			targets = (
				BC4E8B9A221E519100AE92DE /* LeetCode */,
				BC4E8BAE221E519300AE92DE /* LeetCodeTests */,
			);
		};
/* End PBXProject section */

/* Begin PBXResourcesBuildPhase section */
		BC4E8B99221E519100AE92DE /* Resources */ = {
			isa = PBXResourcesBuildPhase;
			buildActionMask = 2147483647;
			files = (
				BC4E8BA9221E519300AE92DE /* LaunchScreen.storyboard in Resources */,
				BC4E8BA6221E519300AE92DE /* Assets.xcassets in Resources */,
				BC4E8BA4221E519100AE92DE /* Main.storyboard in Resources */,
			);
			runOnlyForDeploymentPostprocessing = 0;
		};
		BC4E8BAD221E519300AE92DE /* Resources */ = {
			isa = PBXResourcesBuildPhase;
			buildActionMask = 2147483647;
			files = (
			);
			runOnlyForDeploymentPostprocessing = 0;
		};
/* End PBXResourcesBuildPhase section */

/* Begin PBXSourcesBuildPhase section */
		BC4E8B97221E519100AE92DE /* Sources */ = {
			isa = PBXSourcesBuildPhase;
			buildActionMask = 2147483647;
			files = (
				BCFBD69A2261D782006AF86B /* 排序.swift in Sources */,
				BC4E8BA1221E519100AE92DE /* ViewController.swift in Sources */,
				BC516C06226A8C17006E1745 /* LeetCode.swift in Sources */,
				BC4E8B9F221E519100AE92DE /* AppDelegate.swift in Sources */,
			);
			runOnlyForDeploymentPostprocessing = 0;
		};
		BC4E8BAB221E519300AE92DE /* Sources */ = {
			isa = PBXSourcesBuildPhase;
			buildActionMask = 2147483647;
			files = (
				BC4E8BB4221E519300AE92DE /* LeetCodeTests.swift in Sources */,
			);
			runOnlyForDeploymentPostprocessing = 0;
		};
/* End PBXSourcesBuildPhase section */

/* Begin PBXTargetDependency section */
		BC4E8BB1221E519300AE92DE /* PBXTargetDependency */ = {
			isa = PBXTargetDependency;
			target = BC4E8B9A221E519100AE92DE /* LeetCode */;
			targetProxy = BC4E8BB0221E519300AE92DE /* PBXContainerItemProxy */;
		};
/* End PBXTargetDependency section */

/* Begin PBXVariantGroup section */
		BC4E8BA2221E519100AE92DE /* Main.storyboard */ = {
			isa = PBXVariantGroup;
			children = (
				BC4E8BA3221E519100AE92DE /* Base */,
			);
			name = Main.storyboard;
			sourceTree = "<group>";
		};
		BC4E8BA7221E519300AE92DE /* LaunchScreen.storyboard */ = {
			isa = PBXVariantGroup;
			children = (
				BC4E8BA8221E519300AE92DE /* Base */,
			);
			name = LaunchScreen.storyboard;
			sourceTree = "<group>";
		};
/* End PBXVariantGroup section */

/* Begin XCBuildConfiguration section */
		BC4E8BB6221E519300AE92DE /* Debug */ = {
			isa = XCBuildConfiguration;
			buildSettings = {
				ALWAYS_SEARCH_USER_PATHS = NO;
				CLANG_ANALYZER_NONNULL = YES;
				CLANG_ANALYZER_NUMBER_OBJECT_CONVERSION = YES_AGGRESSIVE;
				CLANG_CXX_LANGUAGE_STANDARD = "gnu++14";
				CLANG_CXX_LIBRARY = "libc++";
				CLANG_ENABLE_MODULES = YES;
				CLANG_ENABLE_OBJC_ARC = YES;
				CLANG_ENABLE_OBJC_WEAK = YES;
				CLANG_WARN_BLOCK_CAPTURE_AUTORELEASING = YES;
				CLANG_WARN_BOOL_CONVERSION = YES;
				CLANG_WARN_COMMA = YES;
				CLANG_WARN_CONSTANT_CONVERSION = YES;
				CLANG_WARN_DEPRECATED_OBJC_IMPLEMENTATIONS = YES;
				CLANG_WARN_DIRECT_OBJC_ISA_USAGE = YES_ERROR;
				CLANG_WARN_DOCUMENTATION_COMMENTS = YES;
				CLANG_WARN_EMPTY_BODY = YES;
				CLANG_WARN_ENUM_CONVERSION = YES;
				CLANG_WARN_INFINITE_RECURSION = YES;
				CLANG_WARN_INT_CONVERSION = YES;
				CLANG_WARN_NON_LITERAL_NULL_CONVERSION = YES;
				CLANG_WARN_OBJC_IMPLICIT_RETAIN_SELF = YES;
				CLANG_WARN_OBJC_LITERAL_CONVERSION = YES;
				CLANG_WARN_OBJC_ROOT_CLASS = YES_ERROR;
				CLANG_WARN_RANGE_LOOP_ANALYSIS = YES;
				CLANG_WARN_STRICT_PROTOTYPES = YES;
				CLANG_WARN_SUSPICIOUS_MOVE = YES;
				CLANG_WARN_UNGUARDED_AVAILABILITY = YES_AGGRESSIVE;
				CLANG_WARN_UNREACHABLE_CODE = YES;
				CLANG_WARN__DUPLICATE_METHOD_MATCH = YES;
				CODE_SIGN_IDENTITY = "iPhone Developer";
				COPY_PHASE_STRIP = NO;
				DEBUG_INFORMATION_FORMAT = dwarf;
				ENABLE_STRICT_OBJC_MSGSEND = YES;
				ENABLE_TESTABILITY = YES;
				GCC_C_LANGUAGE_STANDARD = gnu11;
				GCC_DYNAMIC_NO_PIC = NO;
				GCC_NO_COMMON_BLOCKS = YES;
				GCC_OPTIMIZATION_LEVEL = 0;
				GCC_PREPROCESSOR_DEFINITIONS = (
					"DEBUG=1",
					"$(inherited)",
				);
				GCC_WARN_64_TO_32_BIT_CONVERSION = YES;
				GCC_WARN_ABOUT_RETURN_TYPE = YES_ERROR;
				GCC_WARN_UNDECLARED_SELECTOR = YES;
				GCC_WARN_UNINITIALIZED_AUTOS = YES_AGGRESSIVE;
				GCC_WARN_UNUSED_FUNCTION = YES;
				GCC_WARN_UNUSED_VARIABLE = YES;
				IPHONEOS_DEPLOYMENT_TARGET = 12.1;
				MTL_ENABLE_DEBUG_INFO = INCLUDE_SOURCE;
				MTL_FAST_MATH = YES;
				ONLY_ACTIVE_ARCH = YES;
				SDKROOT = iphoneos;
				SWIFT_ACTIVE_COMPILATION_CONDITIONS = DEBUG;
				SWIFT_OPTIMIZATION_LEVEL = "-Onone";
			};
			name = Debug;
		};
		BC4E8BB7221E519300AE92DE /* Release */ = {
			isa = XCBuildConfiguration;
			buildSettings = {
				ALWAYS_SEARCH_USER_PATHS = NO;
				CLANG_ANALYZER_NONNULL = YES;
				CLANG_ANALYZER_NUMBER_OBJECT_CONVERSION = YES_AGGRESSIVE;
				CLANG_CXX_LANGUAGE_STANDARD = "gnu++14";
				CLANG_CXX_LIBRARY = "libc++";
				CLANG_ENABLE_MODULES = YES;
				CLANG_ENABLE_OBJC_ARC = YES;
				CLANG_ENABLE_OBJC_WEAK = YES;
				CLANG_WARN_BLOCK_CAPTURE_AUTORELEASING = YES;
				CLANG_WARN_BOOL_CONVERSION = YES;
				CLANG_WARN_COMMA = YES;
				CLANG_WARN_CONSTANT_CONVERSION = YES;
				CLANG_WARN_DEPRECATED_OBJC_IMPLEMENTATIONS = YES;
				CLANG_WARN_DIRECT_OBJC_ISA_USAGE = YES_ERROR;
				CLANG_WARN_DOCUMENTATION_COMMENTS = YES;
				CLANG_WARN_EMPTY_BODY = YES;
				CLANG_WARN_ENUM_CONVERSION = YES;
				CLANG_WARN_INFINITE_RECURSION = YES;
				CLANG_WARN_INT_CONVERSION = YES;
				CLANG_WARN_NON_LITERAL_NULL_CONVERSION = YES;
				CLANG_WARN_OBJC_IMPLICIT_RETAIN_SELF = YES;
				CLANG_WARN_OBJC_LITERAL_CONVERSION = YES;
				CLANG_WARN_OBJC_ROOT_CLASS = YES_ERROR;
				CLANG_WARN_RANGE_LOOP_ANALYSIS = YES;
				CLANG_WARN_STRICT_PROTOTYPES = YES;
				CLANG_WARN_SUSPICIOUS_MOVE = YES;
				CLANG_WARN_UNGUARDED_AVAILABILITY = YES_AGGRESSIVE;
				CLANG_WARN_UNREACHABLE_CODE = YES;
				CLANG_WARN__DUPLICATE_METHOD_MATCH = YES;
				CODE_SIGN_IDENTITY = "iPhone Developer";
				COPY_PHASE_STRIP = NO;
				DEBUG_INFORMATION_FORMAT = "dwarf-with-dsym";
				ENABLE_NS_ASSERTIONS = NO;
				ENABLE_STRICT_OBJC_MSGSEND = YES;
				GCC_C_LANGUAGE_STANDARD = gnu11;
				GCC_NO_COMMON_BLOCKS = YES;
				GCC_WARN_64_TO_32_BIT_CONVERSION = YES;
				GCC_WARN_ABOUT_RETURN_TYPE = YES_ERROR;
				GCC_WARN_UNDECLARED_SELECTOR = YES;
				GCC_WARN_UNINITIALIZED_AUTOS = YES_AGGRESSIVE;
				GCC_WARN_UNUSED_FUNCTION = YES;
				GCC_WARN_UNUSED_VARIABLE = YES;
				IPHONEOS_DEPLOYMENT_TARGET = 12.1;
				MTL_ENABLE_DEBUG_INFO = NO;
				MTL_FAST_MATH = YES;
				SDKROOT = iphoneos;
				SWIFT_COMPILATION_MODE = wholemodule;
				SWIFT_OPTIMIZATION_LEVEL = "-O";
				VALIDATE_PRODUCT = YES;
			};
			name = Release;
		};
		BC4E8BB9221E519300AE92DE /* Debug */ = {
			isa = XCBuildConfiguration;
			buildSettings = {
				ASSETCATALOG_COMPILER_APPICON_NAME = AppIcon;
				CODE_SIGN_STYLE = Automatic;
				DEVELOPMENT_TEAM = L46VAD5CFH;
				INFOPLIST_FILE = LeetCode/Info.plist;
				LD_RUNPATH_SEARCH_PATHS = (
					"$(inherited)",
					"@executable_path/Frameworks",
				);
				PRODUCT_BUNDLE_IDENTIFIER = cn.chinamoney.ideal.LeetCode;
				PRODUCT_NAME = "$(TARGET_NAME)";
				SWIFT_VERSION = 4.2;
				TARGETED_DEVICE_FAMILY = "1,2";
			};
			name = Debug;
		};
		BC4E8BBA221E519300AE92DE /* Release */ = {
			isa = XCBuildConfiguration;
			buildSettings = {
				ASSETCATALOG_COMPILER_APPICON_NAME = AppIcon;
				CODE_SIGN_STYLE = Automatic;
				DEVELOPMENT_TEAM = L46VAD5CFH;
				INFOPLIST_FILE = LeetCode/Info.plist;
				LD_RUNPATH_SEARCH_PATHS = (
					"$(inherited)",
					"@executable_path/Frameworks",
				);
				PRODUCT_BUNDLE_IDENTIFIER = cn.chinamoney.ideal.LeetCode;
				PRODUCT_NAME = "$(TARGET_NAME)";
				SWIFT_VERSION = 4.2;
				TARGETED_DEVICE_FAMILY = "1,2";
			};
			name = Release;
		};
		BC4E8BBC221E519300AE92DE /* Debug */ = {
			isa = XCBuildConfiguration;
			buildSettings = {
				ALWAYS_EMBED_SWIFT_STANDARD_LIBRARIES = YES;
				BUNDLE_LOADER = "$(TEST_HOST)";
				CODE_SIGN_STYLE = Automatic;
				DEVELOPMENT_TEAM = L46VAD5CFH;
				INFOPLIST_FILE = LeetCodeTests/Info.plist;
				LD_RUNPATH_SEARCH_PATHS = (
					"$(inherited)",
					"@executable_path/Frameworks",
					"@loader_path/Frameworks",
				);
				PRODUCT_BUNDLE_IDENTIFIER = cn.chinamoney.ideal.LeetCodeTests;
				PRODUCT_NAME = "$(TARGET_NAME)";
				SWIFT_VERSION = 4.2;
				TARGETED_DEVICE_FAMILY = "1,2";
				TEST_HOST = "$(BUILT_PRODUCTS_DIR)/LeetCode.app/LeetCode";
			};
			name = Debug;
		};
		BC4E8BBD221E519300AE92DE /* Release */ = {
			isa = XCBuildConfiguration;
			buildSettings = {
				ALWAYS_EMBED_SWIFT_STANDARD_LIBRARIES = YES;
				BUNDLE_LOADER = "$(TEST_HOST)";
				CODE_SIGN_STYLE = Automatic;
				DEVELOPMENT_TEAM = L46VAD5CFH;
				INFOPLIST_FILE = LeetCodeTests/Info.plist;
				LD_RUNPATH_SEARCH_PATHS = (
					"$(inherited)",
					"@executable_path/Frameworks",
					"@loader_path/Frameworks",
				);
				PRODUCT_BUNDLE_IDENTIFIER = cn.chinamoney.ideal.LeetCodeTests;
				PRODUCT_NAME = "$(TARGET_NAME)";
				SWIFT_VERSION = 4.2;
				TARGETED_DEVICE_FAMILY = "1,2";
				TEST_HOST = "$(BUILT_PRODUCTS_DIR)/LeetCode.app/LeetCode";
			};
			name = Release;
		};
/* End XCBuildConfiguration section */

/* Begin XCConfigurationList section */
		BC4E8B96221E519100AE92DE /* Build configuration list for PBXProject "LeetCode" */ = {
			isa = XCConfigurationList;
			buildConfigurations = (
				BC4E8BB6221E519300AE92DE /* Debug */,
				BC4E8BB7221E519300AE92DE /* Release */,
			);
			defaultConfigurationIsVisible = 0;
			defaultConfigurationName = Release;
		};
		BC4E8BB8221E519300AE92DE /* Build configuration list for PBXNativeTarget "LeetCode" */ = {
			isa = XCConfigurationList;
			buildConfigurations = (
				BC4E8BB9221E519300AE92DE /* Debug */,
				BC4E8BBA221E519300AE92DE /* Release */,
			);
			defaultConfigurationIsVisible = 0;
			defaultConfigurationName = Release;
		};
		BC4E8BBB221E519300AE92DE /* Build configuration list for PBXNativeTarget "LeetCodeTests" */ = {
			isa = XCConfigurationList;
			buildConfigurations = (
				BC4E8BBC221E519300AE92DE /* Debug */,
				BC4E8BBD221E519300AE92DE /* Release */,
			);
			defaultConfigurationIsVisible = 0;
			defaultConfigurationName = Release;
		};
/* End XCConfigurationList section */
	};
	rootObject = BC4E8B93221E519100AE92DE /* Project object */;
}
